{
  "object": {
    "pins": [
      {
        "package": "TDLibFramework",
        "repositoryURL": "https://github.com/Swiftgram/TDLibFramework",
        "state": {
          "branch": null,
          "revision": "f459eb618280100e3bf3ce586e06db1c7075e1ec",
          "version": "1.8.56-dd1b761f"
        }
      }
    ]
  },
  "version": 1
}
